
Microsoft Visual Studio Solution File, Format Version 12.00
# Visual Studio 15
VisualStudioVersion = 15.0.28307.168
MinimumVisualStudioVersion = 10.0.40219.1
Project("{FAE04EC0-301F-11D3-BF4B-00C04F79EFBC}") = "CS_490_HW_3", "CS_490_HW_3\CS_490_HW_3.csproj", "{30EAF855-ECD1-4EE7-964B-36B86EE33627}"
EndProject
Global
	GlobalSection(SolutionConfigurationPlatforms) = preSolution
		Debug|Any CPU = Debug|Any CPU
		Release|Any CPU = Release|Any CPU
	EndGlobalSection
	GlobalSection(ProjectConfigurationPlatforms) = postSolution
		{30EAF855-ECD1-4EE7-964B-36B86EE33627}.Debug|Any CPU.ActiveCfg = Debug|Any CPU
		{30EAF855-ECD1-4EE7-964B-36B86EE33627}.Debug|Any CPU.Build.0 = Debug|Any CPU
		{30EAF855-ECD1-4EE7-964B-36B86EE33627}.Release|Any CPU.ActiveCfg = Release|Any CPU
		{30EAF855-ECD1-4EE7-964B-36B86EE33627}.Release|Any CPU.Build.0 = Release|Any CPU
	EndGlobalSection
	GlobalSection(SolutionProperties) = preSolution
		HideSolutionNode = FALSE
	EndGlobalSection
	GlobalSection(ExtensibilityGlobals) = postSolution
		SolutionGuid = {39575645-87B6-4FDE-A407-5A81274D158C}
	EndGlobalSection
EndGlobal
